<?xml version="1.0" encoding="utf-8"?>
<Project ToolsVersion="4.0" xmlns="http://schemas.microsoft.com/developer/msbuild/2003">
  <ItemGroup>
    <Filter Include="ソース ファイル">
      <UniqueIdentifier>{4FC737F1-C7A5-4376-A066-2A32D752A2FF}</UniqueIdentifier>
      <Extensions>cpp;c;cc;cxx;def;odl;idl;hpj;bat;asm;asmx</Extensions>
    </Filter>
    <Filter Include="ヘッダー ファイル">
      <UniqueIdentifier>{93995380-89BD-4b04-88EB-625FBE52EBFB}</UniqueIdentifier>
      <Extensions>h;hh;hpp;hxx;hm;inl;inc;xsd</Extensions>
    </Filter>
    <Filter Include="リソース ファイル">
      <UniqueIdentifier>{67DA6AB6-F800-4c08-8B7A-83BB121AAD01}</UniqueIdentifier>
      <Extensions>rc;ico;cur;bmp;dlg;rc2;rct;bin;rgs;gif;jpg;jpeg;jpe;resx;tiff;tif;png;wav;mfcribbon-ms</Extensions>
    </Filter>
    <Filter Include="Character">
      <UniqueIdentifier>{2050aec1-569d-40ee-94af-674f2d82c636}</UniqueIdentifier>
    </Filter>
    <Filter Include="Render">
      <UniqueIdentifier>{81d2b774-6089-4b42-a7a2-3b515d770569}</UniqueIdentifier>
    </Filter>
    <Filter Include="Math">
      <UniqueIdentifier>{56e80f94-d713-4f37-b555-764b42f69e31}</UniqueIdentifier>
    </Filter>
    <Filter Include="World">
      <UniqueIdentifier>{15925d35-0055-4e89-8fc0-d9de2e29556a}</UniqueIdentifier>
    </Filter>
    <Filter Include="Collision">
      <UniqueIdentifier>{84a5c163-e62f-4ce2-8153-38552d2182ef}</UniqueIdentifier>
    </Filter>
    <Filter Include="Collision\Capsule">
      <UniqueIdentifier>{00ac0d27-0406-445c-a760-4d5faaf4affb}</UniqueIdentifier>
    </Filter>
    <Filter Include="Collision\Plane">
      <UniqueIdentifier>{38dab592-02c4-45ed-a2ea-5f7e82b93ded}</UniqueIdentifier>
    </Filter>
    <Filter Include="Collision\Ray">
      <UniqueIdentifier>{8b7fd2af-5e90-470d-8c2c-768c6c847dbc}</UniqueIdentifier>
    </Filter>
    <Filter Include="Collision\Line">
      <UniqueIdentifier>{8657f171-b70b-4b4e-97b0-e802c2e785f7}</UniqueIdentifier>
    </Filter>
    <Filter Include="Collision\BoundingSphere">
      <UniqueIdentifier>{5a2a2b4b-0e9e-4105-983e-9c0c6de9c879}</UniqueIdentifier>
    </Filter>
    <Filter Include="CSVloader">
      <UniqueIdentifier>{8dac1a0d-307f-4ca4-91bd-768611af5de7}</UniqueIdentifier>
    </Filter>
    <Filter Include="Scene">
      <UniqueIdentifier>{6c4c550b-cea1-409c-bc2c-ab681f5dc9b6}</UniqueIdentifier>
    </Filter>
    <Filter Include="Character\Group">
      <UniqueIdentifier>{00904905-8366-498f-a131-22ea48b618e8}</UniqueIdentifier>
    </Filter>
    <Filter Include="TextParamloader">
      <UniqueIdentifier>{81f61d70-b367-4477-8d5b-3a3c7a1c572e}</UniqueIdentifier>
    </Filter>
    <Filter Include="StageData">
      <UniqueIdentifier>{3ff98704-7a82-4c97-af69-69d9c6823dff}</UniqueIdentifier>
    </Filter>
    <Filter Include="BinalyFile">
      <UniqueIdentifier>{c99e561d-2ac9-4ace-b665-d33baac8e45e}</UniqueIdentifier>
    </Filter>
  </ItemGroup>
  <ItemGroup>
    <ClCompile Include="WinMain.cpp">
      <Filter>ソース ファイル</Filter>
    </ClCompile>
    <ClCompile Include="System.cpp">
      <Filter>ソース ファイル</Filter>
    </ClCompile>
    <ClCompile Include="Input.cpp">
      <Filter>ソース ファイル</Filter>
    </ClCompile>
    <ClCompile Include="Color.cpp">
      <Filter>Render</Filter>
    </ClCompile>
    <ClCompile Include="Render.cpp">
      <Filter>Render</Filter>
    </ClCompile>
    <ClCompile Include="Screen.cpp">
      <Filter>Render</Filter>
    </ClCompile>
    <ClCompile Include="Mathematics.cpp">
      <Filter>Math</Filter>
    </ClCompile>
    <ClCompile Include="Quaternion.cpp">
      <Filter>Math</Filter>
    </ClCompile>
    <ClCompile Include="Matrix4.cpp">
      <Filter>Math</Filter>
    </ClCompile>
    <ClCompile Include="Math.cpp">
      <Filter>Math</Filter>
    </ClCompile>
    <ClCompile Include="Vector2.cpp">
      <Filter>Math</Filter>
    </ClCompile>
    <ClCompile Include="Vector3.cpp">
      <Filter>Math</Filter>
    </ClCompile>
    <ClCompile Include="Convert.cpp">
      <Filter>Math</Filter>
    </ClCompile>
    <ClCompile Include="FPS.cpp">
      <Filter>ソース ファイル</Filter>
    </ClCompile>
    <ClCompile Include="SceneController.cpp">
      <Filter>Scene</Filter>
    </ClCompile>
    <ClCompile Include="Scene_Tytle.cpp">
      <Filter>Scene</Filter>
    </ClCompile>
    <ClCompile Include="Scene_Game.cpp">
      <Filter>Scene</Filter>
    </ClCompile>
    <ClCompile Include="EnemyBase.cpp">
      <Filter>Character</Filter>
    </ClCompile>
    <ClCompile Include="Enemytemplate.cpp">
      <Filter>ソース ファイル</Filter>
    </ClCompile>
    <ClCompile Include="CharacterBase.cpp">
      <Filter>Character</Filter>
    </ClCompile>
    <ClCompile Include="Player.cpp">
      <Filter>Character</Filter>
    </ClCompile>
    <ClCompile Include="World.cpp">
      <Filter>World</Filter>
    </ClCompile>
    <ClCompile Include="ObjectManager.cpp">
      <Filter>Character</Filter>
    </ClCompile>
    <ClCompile Include="FirstStage.cpp">
      <Filter>World</Filter>
    </ClCompile>
    <ClCompile Include="Collision.cpp">
      <Filter>Collision</Filter>
    </ClCompile>
    <ClCompile Include="ShapeBase.cpp">
      <Filter>Collision</Filter>
    </ClCompile>
    <ClCompile Include="Capsule.cpp">
      <Filter>Collision\Capsule</Filter>
    </ClCompile>
    <ClCompile Include="Plane.cpp">
      <Filter>Collision\Plane</Filter>
    </ClCompile>
    <ClCompile Include="Ray.cpp">
      <Filter>Collision\Ray</Filter>
    </ClCompile>
    <ClCompile Include="Line.cpp">
      <Filter>Collision\Line</Filter>
    </ClCompile>
    <ClCompile Include="BoundingSphere.cpp">
      <Filter>Collision\BoundingSphere</Filter>
    </ClCompile>
    <ClCompile Include="CSVLoader.cpp">
      <Filter>CSVloader</Filter>
    </ClCompile>
    <ClCompile Include="_CharaGroup.cpp">
      <Filter>Character\Group</Filter>
    </ClCompile>
    <ClCompile Include="ObjectGroup.cpp">
      <Filter>Character\Group</Filter>
    </ClCompile>
    <ClCompile Include="TextParamLoader.cpp">
      <Filter>TextParamloader</Filter>
    </ClCompile>
    <ClCompile Include="StageDataLoader.cpp">
      <Filter>StageData</Filter>
    </ClCompile>
    <ClCompile Include="StageInfo.cpp">
      <Filter>StageData</Filter>
    </ClCompile>
    <ClCompile Include="BinaryFile.cpp">
      <Filter>BinalyFile</Filter>
    </ClCompile>
  </ItemGroup>
  <ItemGroup>
    <None Include="ClassDiagram.cd" />
    <None Include="ClassDiagram1.cd" />
  </ItemGroup>
  <ItemGroup>
    <ClInclude Include="System.h">
      <Filter>ヘッダー ファイル</Filter>
    </ClInclude>
    <ClInclude Include="Input.h">
      <Filter>ヘッダー ファイル</Filter>
    </ClInclude>
    <ClInclude Include="CharacterBase.h">
      <Filter>Character</Filter>
    </ClInclude>
    <ClInclude Include="Color.h">
      <Filter>Render</Filter>
    </ClInclude>
    <ClInclude Include="Render.h">
      <Filter>Render</Filter>
    </ClInclude>
    <ClInclude Include="Rect.h">
      <Filter>Render</Filter>
    </ClInclude>
    <ClInclude Include="Screen.h">
      <Filter>Render</Filter>
    </ClInclude>
    <ClInclude Include="Math.h">
      <Filter>Math</Filter>
    </ClInclude>
    <ClInclude Include="Matrix4.h">
      <Filter>Math</Filter>
    </ClInclude>
    <ClInclude Include="Quaternion.h">
      <Filter>Math</Filter>
    </ClInclude>
    <ClInclude Include="Vector2.h">
      <Filter>Math</Filter>
    </ClInclude>
    <ClInclude Include="Vector3.h">
      <Filter>Math</Filter>
    </ClInclude>
    <ClInclude Include="Convert.h">
      <Filter>Math</Filter>
    </ClInclude>
    <ClInclude Include="FPS.h">
      <Filter>ヘッダー ファイル</Filter>
    </ClInclude>
    <ClInclude Include="Scene_Game.h">
      <Filter>Scene</Filter>
    </ClInclude>
    <ClInclude Include="Scene_Tytle.h">
      <Filter>Scene</Filter>
    </ClInclude>
    <ClInclude Include="IScene.h">
      <Filter>Scene</Filter>
    </ClInclude>
    <ClInclude Include="SceneController.h">
      <Filter>Scene</Filter>
    </ClInclude>
    <ClInclude Include="EnemyBase.h">
      <Filter>Character</Filter>
    </ClInclude>
    <ClInclude Include="Enemytemplate.h">
      <Filter>ヘッダー ファイル</Filter>
    </ClInclude>
    <ClInclude Include="Player.h">
      <Filter>Character</Filter>
    </ClInclude>
    <ClInclude Include="ObjectManager.h">
      <Filter>Character</Filter>
    </ClInclude>
    <ClInclude Include="ObjectBase.h">
      <Filter>Character</Filter>
    </ClInclude>
    <ClInclude Include="World.h">
      <Filter>World</Filter>
    </ClInclude>
    <ClInclude Include="StageBase.h">
      <Filter>World</Filter>
    </ClInclude>
    <ClInclude Include="GameTurn.h">
      <Filter>World</Filter>
    </ClInclude>
    <ClInclude Include="FirstStage.h">
      <Filter>World</Filter>
    </ClInclude>
    <ClInclude Include="Collision.h">
      <Filter>Collision</Filter>
    </ClInclude>
    <ClInclude Include="HitInfo.h">
      <Filter>Collision</Filter>
    </ClInclude>
    <ClInclude Include="ShapeBase.h">
      <Filter>Collision</Filter>
    </ClInclude>
    <ClInclude Include="Capsule.h">
      <Filter>Collision\Capsule</Filter>
    </ClInclude>
    <ClInclude Include="Plane.h">
      <Filter>Collision\Plane</Filter>
    </ClInclude>
    <ClInclude Include="Ray.h">
      <Filter>Collision\Ray</Filter>
    </ClInclude>
    <ClInclude Include="Line.h">
      <Filter>Collision\Line</Filter>
    </ClInclude>
    <ClInclude Include="ShapeType.h">
      <Filter>Collision</Filter>
    </ClInclude>
    <ClInclude Include="BoundingSphere.h">
      <Filter>Collision\BoundingSphere</Filter>
    </ClInclude>
    <ClInclude Include="CSVLoader.h">
      <Filter>CSVloader</Filter>
    </ClInclude>
    <ClInclude Include="FilePass.h">
      <Filter>ヘッダー ファイル</Filter>
    </ClInclude>
    <ClInclude Include="_CharaGroup.h">
      <Filter>Character\Group</Filter>
    </ClInclude>
    <ClInclude Include="ObjectGroup.h">
      <Filter>Character\Group</Filter>
    </ClInclude>
    <ClInclude Include="Mathematics.h">
      <Filter>Character</Filter>
    </ClInclude>
    <ClInclude Include="TextParamLoader.h">
      <Filter>TextParamloader</Filter>
    </ClInclude>
    <ClInclude Include="StageDataLoader.h">
      <Filter>StageData</Filter>
    </ClInclude>
    <ClInclude Include="StageInfo.h">
      <Filter>StageData</Filter>
    </ClInclude>
    <ClInclude Include="BinaryFile.h">
      <Filter>BinalyFile</Filter>
    </ClInclude>
  </ItemGroup>
</Project>